// !$*UTF8*$!
{
	archiveVersion = 1;
	classes = {
	};
	objectVersion = 50;
	objects = {

/* Begin PBXBuildFile section */
		1833537521DFAC86005331E7 /* InsertViewController.swift in Sources */ = {isa = PBXBuildFile; fileRef = 1833537421DFAC86005331E7 /* InsertViewController.swift */; };
		1833537721E104A0005331E7 /* LLSegmentViewController.podspec in Resources */ = {isa = PBXBuildFile; fileRef = 1833537621E104A0005331E7 /* LLSegmentViewController.podspec */; };
		185C1B8F21E64893000E8A16 /* LLSegmentItemTitleImageView.swift in Sources */ = {isa = PBXBuildFile; fileRef = 185C1B8E21E64893000E8A16 /* LLSegmentItemTitleImageView.swift */; };
		18AF01F321E255AF00FD5F14 /* MixViewController.swift in Sources */ = {isa = PBXBuildFile; fileRef = 18AF01F221E255AF00FD5F14 /* MixViewController.swift */; };
		18AF01F521E39A9F00FD5F14 /* ChangeImageViewViewController.swift in Sources */ = {isa = PBXBuildFile; fileRef = 18AF01F421E39A9F00FD5F14 /* ChangeImageViewViewController.swift */; };
		18D3489B21E9CC7100C284DE /* LLSegmentItemBadgeView.swift in Sources */ = {isa = PBXBuildFile; fileRef = 18D3489A21E9CC7100C284DE /* LLSegmentItemBadgeView.swift */; };
		F2055B3421D0B5DE00FF961B /* LLSegmentBaseItemView.swift in Sources */ = {isa = PBXBuildFile; fileRef = F2055B3221D0B5DE00FF961B /* LLSegmentBaseItemView.swift */; };
		F2055B3921D0F3A000FF961B /* LLSegmentItemTitleView.swift in Sources */ = {isa = PBXBuildFile; fileRef = F2055B3821D0F3A000FF961B /* LLSegmentItemTitleView.swift */; };
		F2055B3B21D34BFC00FF961B /* LLSegmentItemTabbarView.swift in Sources */ = {isa = PBXBuildFile; fileRef = F2055B3A21D34BFC00FF961B /* LLSegmentItemTabbarView.swift */; };
		F2055B4121D3589200FF961B /* SimpleTabViewController.swift in Sources */ = {isa = PBXBuildFile; fileRef = F2055B4021D3589200FF961B /* SimpleTabViewController.swift */; };
		F2055B4621D39CB300FF961B /* LLMsgViewController.swift in Sources */ = {isa = PBXBuildFile; fileRef = F2055B4521D39CB300FF961B /* LLMsgViewController.swift */; };
		F2055B4A21D4CE1200FF961B /* SinaViewController.swift in Sources */ = {isa = PBXBuildFile; fileRef = F2055B4921D4CE1200FF961B /* SinaViewController.swift */; };
		F2055B4E21D4D00100FF961B /* CellModel.swift in Sources */ = {isa = PBXBuildFile; fileRef = F2055B4D21D4D00100FF961B /* CellModel.swift */; };
		F2055B5021D4D6D200FF961B /* BaseNavigationController.swift in Sources */ = {isa = PBXBuildFile; fileRef = F2055B4F21D4D6D200FF961B /* BaseNavigationController.swift */; };
		F2055B5221D4D85B00FF961B /* StyleListViewController.swift in Sources */ = {isa = PBXBuildFile; fileRef = F2055B5121D4D85B00FF961B /* StyleListViewController.swift */; };
		F23D2F7221CA27F00067B399 /* LLSegmentViewController.swift in Sources */ = {isa = PBXBuildFile; fileRef = F23D2F6D21CA27F00067B399 /* LLSegmentViewController.swift */; };
		F23D2F7421CA27F00067B399 /* LLSegmentedControl.swift in Sources */ = {isa = PBXBuildFile; fileRef = F23D2F6F21CA27F00067B399 /* LLSegmentedControl.swift */; };
		F23D2F7521CA27F00067B399 /* LLIndicatorView.swift in Sources */ = {isa = PBXBuildFile; fileRef = F23D2F7021CA27F00067B399 /* LLIndicatorView.swift */; };
		F23D2F7B21CA53830067B399 /* LLToolFunc.swift in Sources */ = {isa = PBXBuildFile; fileRef = F23D2F7A21CA53830067B399 /* LLToolFunc.swift */; };
		F263034421D4E94E0067F8CA /* TitleViewController.swift in Sources */ = {isa = PBXBuildFile; fileRef = F263034321D4E94E0067F8CA /* TitleViewController.swift */; };
		F27132DA21C8DD7C00F9D2AB /* AppDelegate.swift in Sources */ = {isa = PBXBuildFile; fileRef = F27132D921C8DD7C00F9D2AB /* AppDelegate.swift */; };
		F27132DC21C8DD7C00F9D2AB /* ViewController.swift in Sources */ = {isa = PBXBuildFile; fileRef = F27132DB21C8DD7C00F9D2AB /* ViewController.swift */; };
		F27132DF21C8DD7C00F9D2AB /* Main.storyboard in Resources */ = {isa = PBXBuildFile; fileRef = F27132DD21C8DD7C00F9D2AB /* Main.storyboard */; };
		F27132E121C8DD7F00F9D2AB /* Assets.xcassets in Resources */ = {isa = PBXBuildFile; fileRef = F27132E021C8DD7F00F9D2AB /* Assets.xcassets */; };
		F27132E421C8DD7F00F9D2AB /* LaunchScreen.storyboard in Resources */ = {isa = PBXBuildFile; fileRef = F27132E221C8DD7F00F9D2AB /* LaunchScreen.storyboard */; };
		F27132EF21C8DD7F00F9D2AB /* LLSegmentViewControllerTests.swift in Sources */ = {isa = PBXBuildFile; fileRef = F27132EE21C8DD7F00F9D2AB /* LLSegmentViewControllerTests.swift */; };
		F27132FA21C8DD7F00F9D2AB /* LLSegmentViewControllerUITests.swift in Sources */ = {isa = PBXBuildFile; fileRef = F27132F921C8DD7F00F9D2AB /* LLSegmentViewControllerUITests.swift */; };
		F271330C21C8E66F00F9D2AB /* TestViewController.swift in Sources */ = {isa = PBXBuildFile; fileRef = F271330B21C8E66F00F9D2AB /* TestViewController.swift */; };
		F2C6F88821E73EEC0049BC68 /* WangYiItemView.swift in Sources */ = {isa = PBXBuildFile; fileRef = F2C6F88721E73EEC0049BC68 /* WangYiItemView.swift */; };
		F2DE12C121DCC23500D13738 /* NestViewController.swift in Sources */ = {isa = PBXBuildFile; fileRef = F2DE12C021DCC23500D13738 /* NestViewController.swift */; };
		F2DE12D621DF6DFB00D13738 /* FootballViewController.swift in Sources */ = {isa = PBXBuildFile; fileRef = F2DE12D521DF6DFB00D13738 /* FootballViewController.swift */; };
		F2DE12DA21E058FF00D13738 /* BackgroundColorGradientItemView.swift in Sources */ = {isa = PBXBuildFile; fileRef = F2DE12D921E058FF00D13738 /* BackgroundColorGradientItemView.swift */; };
		F2DE12DE21E07BD100D13738 /* BadgeValueViewController.swift in Sources */ = {isa = PBXBuildFile; fileRef = F2DE12DD21E07BD100D13738 /* BadgeValueViewController.swift */; };
		F2DE12E021E0887100D13738 /* AttributeItemView.swift in Sources */ = {isa = PBXBuildFile; fileRef = F2DE12DF21E0887100D13738 /* AttributeItemView.swift */; };
		F2DE12E221E096E700D13738 /* TitleImageItemView.swift in Sources */ = {isa = PBXBuildFile; fileRef = F2DE12E121E096E700D13738 /* TitleImageItemView.swift */; };
/* End PBXBuildFile section */

/* Begin PBXContainerItemProxy section */
		F27132EB21C8DD7F00F9D2AB /* PBXContainerItemProxy */ = {
			isa = PBXContainerItemProxy;
			containerPortal = F27132CE21C8DD7C00F9D2AB /* Project object */;
			proxyType = 1;
			remoteGlobalIDString = F27132D521C8DD7C00F9D2AB;
			remoteInfo = LLSegmentViewController;
		};
		F27132F621C8DD7F00F9D2AB /* PBXContainerItemProxy */ = {
			isa = PBXContainerItemProxy;
			containerPortal = F27132CE21C8DD7C00F9D2AB /* Project object */;
			proxyType = 1;
			remoteGlobalIDString = F27132D521C8DD7C00F9D2AB;
			remoteInfo = LLSegmentViewController;
		};
/* End PBXContainerItemProxy section */

/* Begin PBXFileReference section */
		1833537421DFAC86005331E7 /* InsertViewController.swift */ = {isa = PBXFileReference; lastKnownFileType = sourcecode.swift; path = InsertViewController.swift; sourceTree = "<group>"; };
		1833537621E104A0005331E7 /* LLSegmentViewController.podspec */ = {isa = PBXFileReference; fileEncoding = 4; lastKnownFileType = text; path = LLSegmentViewController.podspec; sourceTree = "<group>"; };
		185C1B8E21E64893000E8A16 /* LLSegmentItemTitleImageView.swift */ = {isa = PBXFileReference; lastKnownFileType = sourcecode.swift; path = LLSegmentItemTitleImageView.swift; sourceTree = "<group>"; };
		18AF01F221E255AF00FD5F14 /* MixViewController.swift */ = {isa = PBXFileReference; lastKnownFileType = sourcecode.swift; path = MixViewController.swift; sourceTree = "<group>"; };
		18AF01F421E39A9F00FD5F14 /* ChangeImageViewViewController.swift */ = {isa = PBXFileReference; lastKnownFileType = sourcecode.swift; path = ChangeImageViewViewController.swift; sourceTree = "<group>"; };
		18D3489A21E9CC7100C284DE /* LLSegmentItemBadgeView.swift */ = {isa = PBXFileReference; lastKnownFileType = sourcecode.swift; path = LLSegmentItemBadgeView.swift; sourceTree = "<group>"; };
		F2055B3221D0B5DE00FF961B /* LLSegmentBaseItemView.swift */ = {isa = PBXFileReference; fileEncoding = 4; lastKnownFileType = sourcecode.swift; path = LLSegmentBaseItemView.swift; sourceTree = "<group>"; };
		F2055B3821D0F3A000FF961B /* LLSegmentItemTitleView.swift */ = {isa = PBXFileReference; lastKnownFileType = sourcecode.swift; path = LLSegmentItemTitleView.swift; sourceTree = "<group>"; };
		F2055B3A21D34BFC00FF961B /* LLSegmentItemTabbarView.swift */ = {isa = PBXFileReference; lastKnownFileType = sourcecode.swift; path = LLSegmentItemTabbarView.swift; sourceTree = "<group>"; };
		F2055B4021D3589200FF961B /* SimpleTabViewController.swift */ = {isa = PBXFileReference; lastKnownFileType = sourcecode.swift; path = SimpleTabViewController.swift; sourceTree = "<group>"; };
		F2055B4521D39CB300FF961B /* LLMsgViewController.swift */ = {isa = PBXFileReference; fileEncoding = 4; lastKnownFileType = sourcecode.swift; path = LLMsgViewController.swift; sourceTree = "<group>"; };
		F2055B4921D4CE1200FF961B /* SinaViewController.swift */ = {isa = PBXFileReference; lastKnownFileType = sourcecode.swift; path = SinaViewController.swift; sourceTree = "<group>"; };
		F2055B4D21D4D00100FF961B /* CellModel.swift */ = {isa = PBXFileReference; fileEncoding = 4; lastKnownFileType = sourcecode.swift; path = CellModel.swift; sourceTree = "<group>"; };
		F2055B4F21D4D6D200FF961B /* BaseNavigationController.swift */ = {isa = PBXFileReference; lastKnownFileType = sourcecode.swift; path = BaseNavigationController.swift; sourceTree = "<group>"; };
		F2055B5121D4D85B00FF961B /* StyleListViewController.swift */ = {isa = PBXFileReference; lastKnownFileType = sourcecode.swift; path = StyleListViewController.swift; sourceTree = "<group>"; };
		F23D2F6D21CA27F00067B399 /* LLSegmentViewController.swift */ = {isa = PBXFileReference; fileEncoding = 4; lastKnownFileType = sourcecode.swift; path = LLSegmentViewController.swift; sourceTree = "<group>"; };
		F23D2F6F21CA27F00067B399 /* LLSegmentedControl.swift */ = {isa = PBXFileReference; fileEncoding = 4; lastKnownFileType = sourcecode.swift; path = LLSegmentedControl.swift; sourceTree = "<group>"; };
		F23D2F7021CA27F00067B399 /* LLIndicatorView.swift */ = {isa = PBXFileReference; fileEncoding = 4; lastKnownFileType = sourcecode.swift; path = LLIndicatorView.swift; sourceTree = "<group>"; };
		F23D2F7A21CA53830067B399 /* LLToolFunc.swift */ = {isa = PBXFileReference; lastKnownFileType = sourcecode.swift; path = LLToolFunc.swift; sourceTree = "<group>"; };
		F263034321D4E94E0067F8CA /* TitleViewController.swift */ = {isa = PBXFileReference; lastKnownFileType = sourcecode.swift; path = TitleViewController.swift; sourceTree = "<group>"; };
		F27132D621C8DD7C00F9D2AB /* LLSegmentViewController.app */ = {isa = PBXFileReference; explicitFileType = wrapper.application; includeInIndex = 0; path = LLSegmentViewController.app; sourceTree = BUILT_PRODUCTS_DIR; };
		F27132D921C8DD7C00F9D2AB /* AppDelegate.swift */ = {isa = PBXFileReference; lastKnownFileType = sourcecode.swift; path = AppDelegate.swift; sourceTree = "<group>"; };
		F27132DB21C8DD7C00F9D2AB /* ViewController.swift */ = {isa = PBXFileReference; lastKnownFileType = sourcecode.swift; path = ViewController.swift; sourceTree = "<group>"; };
		F27132DE21C8DD7C00F9D2AB /* Base */ = {isa = PBXFileReference; lastKnownFileType = file.storyboard; name = Base; path = Base.lproj/Main.storyboard; sourceTree = "<group>"; };
		F27132E021C8DD7F00F9D2AB /* Assets.xcassets */ = {isa = PBXFileReference; lastKnownFileType = folder.assetcatalog; path = Assets.xcassets; sourceTree = "<group>"; };
		F27132E321C8DD7F00F9D2AB /* Base */ = {isa = PBXFileReference; lastKnownFileType = file.storyboard; name = Base; path = Base.lproj/LaunchScreen.storyboard; sourceTree = "<group>"; };
		F27132E521C8DD7F00F9D2AB /* Info.plist */ = {isa = PBXFileReference; lastKnownFileType = text.plist.xml; path = Info.plist; sourceTree = "<group>"; };
		F27132EA21C8DD7F00F9D2AB /* LLSegmentViewControllerTests.xctest */ = {isa = PBXFileReference; explicitFileType = wrapper.cfbundle; includeInIndex = 0; path = LLSegmentViewControllerTests.xctest; sourceTree = BUILT_PRODUCTS_DIR; };
		F27132EE21C8DD7F00F9D2AB /* LLSegmentViewControllerTests.swift */ = {isa = PBXFileReference; lastKnownFileType = sourcecode.swift; path = LLSegmentViewControllerTests.swift; sourceTree = "<group>"; };
		F27132F021C8DD7F00F9D2AB /* Info.plist */ = {isa = PBXFileReference; lastKnownFileType = text.plist.xml; path = Info.plist; sourceTree = "<group>"; };
		F27132F521C8DD7F00F9D2AB /* LLSegmentViewControllerUITests.xctest */ = {isa = PBXFileReference; explicitFileType = wrapper.cfbundle; includeInIndex = 0; path = LLSegmentViewControllerUITests.xctest; sourceTree = BUILT_PRODUCTS_DIR; };
		F27132F921C8DD7F00F9D2AB /* LLSegmentViewControllerUITests.swift */ = {isa = PBXFileReference; lastKnownFileType = sourcecode.swift; path = LLSegmentViewControllerUITests.swift; sourceTree = "<group>"; };
		F27132FB21C8DD7F00F9D2AB /* Info.plist */ = {isa = PBXFileReference; lastKnownFileType = text.plist.xml; path = Info.plist; sourceTree = "<group>"; };
		F271330B21C8E66F00F9D2AB /* TestViewController.swift */ = {isa = PBXFileReference; lastKnownFileType = sourcecode.swift; path = TestViewController.swift; sourceTree = "<group>"; };
		F2C6F88721E73EEC0049BC68 /* WangYiItemView.swift */ = {isa = PBXFileReference; lastKnownFileType = sourcecode.swift; path = WangYiItemView.swift; sourceTree = "<group>"; };
		F2DE12C021DCC23500D13738 /* NestViewController.swift */ = {isa = PBXFileReference; lastKnownFileType = sourcecode.swift; path = NestViewController.swift; sourceTree = "<group>"; };
		F2DE12D521DF6DFB00D13738 /* FootballViewController.swift */ = {isa = PBXFileReference; fileEncoding = 4; lastKnownFileType = sourcecode.swift; path = FootballViewController.swift; sourceTree = "<group>"; };
		F2DE12D921E058FF00D13738 /* BackgroundColorGradientItemView.swift */ = {isa = PBXFileReference; lastKnownFileType = sourcecode.swift; path = BackgroundColorGradientItemView.swift; sourceTree = "<group>"; };
		F2DE12DD21E07BD100D13738 /* BadgeValueViewController.swift */ = {isa = PBXFileReference; lastKnownFileType = sourcecode.swift; path = BadgeValueViewController.swift; sourceTree = "<group>"; };
		F2DE12DF21E0887100D13738 /* AttributeItemView.swift */ = {isa = PBXFileReference; lastKnownFileType = sourcecode.swift; path = AttributeItemView.swift; sourceTree = "<group>"; };
		F2DE12E121E096E700D13738 /* TitleImageItemView.swift */ = {isa = PBXFileReference; lastKnownFileType = sourcecode.swift; path = TitleImageItemView.swift; sourceTree = "<group>"; };
/* End PBXFileReference section */

/* Begin PBXFrameworksBuildPhase section */
		F27132D321C8DD7C00F9D2AB /* Frameworks */ = {
			isa = PBXFrameworksBuildPhase;
			buildActionMask = 2147483647;
			files = (
			);
			runOnlyForDeploymentPostprocessing = 0;
		};
		F27132E721C8DD7F00F9D2AB /* Frameworks */ = {
			isa = PBXFrameworksBuildPhase;
			buildActionMask = 2147483647;
			files = (
			);
			runOnlyForDeploymentPostprocessing = 0;
		};
		F27132F221C8DD7F00F9D2AB /* Frameworks */ = {
			isa = PBXFrameworksBuildPhase;
			buildActionMask = 2147483647;
			files = (
			);
			runOnlyForDeploymentPostprocessing = 0;
		};
/* End PBXFrameworksBuildPhase section */

/* Begin PBXGroup section */
		F2055B3121D0B5DE00FF961B /* LLSegmentCtlItemView */ = {
			isa = PBXGroup;
			children = (
				F2055B3221D0B5DE00FF961B /* LLSegmentBaseItemView.swift */,
				18D3489A21E9CC7100C284DE /* LLSegmentItemBadgeView.swift */,
				F2055B3821D0F3A000FF961B /* LLSegmentItemTitleView.swift */,
				F2055B3A21D34BFC00FF961B /* LLSegmentItemTabbarView.swift */,
				185C1B8E21E64893000E8A16 /* LLSegmentItemTitleImageView.swift */,
			);
			path = LLSegmentCtlItemView;
			sourceTree = "<group>";
		};
		F2055B3C21D3580800FF961B /* Example */ = {
			isa = PBXGroup;
			children = (
				F2055B4D21D4D00100FF961B /* CellModel.swift */,
				F2DE12D821E0588400D13738 /* CustomItemView */,
				F2DE12BF21DCC1E100D13738 /* SpecialViewController */,
				F2055B4421D39CB300FF961B /* IndicatorViewController */,
				F2055B3F21D3585E00FF961B /* CustomTableViewController */,
			);
			path = Example;
			sourceTree = "<group>";
		};
		F2055B3F21D3585E00FF961B /* CustomTableViewController */ = {
			isa = PBXGroup;
			children = (
				F2055B4021D3589200FF961B /* SimpleTabViewController.swift */,
				F2055B4921D4CE1200FF961B /* SinaViewController.swift */,
			);
			path = CustomTableViewController;
			sourceTree = "<group>";
		};
		F2055B4421D39CB300FF961B /* IndicatorViewController */ = {
			isa = PBXGroup;
			children = (
				F2055B4521D39CB300FF961B /* LLMsgViewController.swift */,
				F263034321D4E94E0067F8CA /* TitleViewController.swift */,
				F2DE12DD21E07BD100D13738 /* BadgeValueViewController.swift */,
			);
			path = IndicatorViewController;
			sourceTree = "<group>";
		};
		F23D2F6B21CA27F00067B399 /* LLSegmentViewController */ = {
			isa = PBXGroup;
			children = (
				F23D2F6D21CA27F00067B399 /* LLSegmentViewController.swift */,
				F23D2F6F21CA27F00067B399 /* LLSegmentedControl.swift */,
				F23D2F7021CA27F00067B399 /* LLIndicatorView.swift */,
				F23D2F7A21CA53830067B399 /* LLToolFunc.swift */,
				F2055B3121D0B5DE00FF961B /* LLSegmentCtlItemView */,
			);
			path = LLSegmentViewController;
			sourceTree = "<group>";
		};
		F27132CD21C8DD7C00F9D2AB = {
			isa = PBXGroup;
			children = (
				1833537621E104A0005331E7 /* LLSegmentViewController.podspec */,
				F27132D821C8DD7C00F9D2AB /* LLSegmentViewController */,
				F27132ED21C8DD7F00F9D2AB /* LLSegmentViewControllerTests */,
				F27132F821C8DD7F00F9D2AB /* LLSegmentViewControllerUITests */,
				F27132D721C8DD7C00F9D2AB /* Products */,
			);
			sourceTree = "<group>";
		};
		F27132D721C8DD7C00F9D2AB /* Products */ = {
			isa = PBXGroup;
			children = (
				F27132D621C8DD7C00F9D2AB /* LLSegmentViewController.app */,
				F27132EA21C8DD7F00F9D2AB /* LLSegmentViewControllerTests.xctest */,
				F27132F521C8DD7F00F9D2AB /* LLSegmentViewControllerUITests.xctest */,
			);
			name = Products;
			sourceTree = "<group>";
		};
		F27132D821C8DD7C00F9D2AB /* LLSegmentViewController */ = {
			isa = PBXGroup;
			children = (
				F27132D921C8DD7C00F9D2AB /* AppDelegate.swift */,
				F27132DB21C8DD7C00F9D2AB /* ViewController.swift */,
				F271330B21C8E66F00F9D2AB /* TestViewController.swift */,
				F2055B4F21D4D6D200FF961B /* BaseNavigationController.swift */,
				F2055B5121D4D85B00FF961B /* StyleListViewController.swift */,
				F2055B3C21D3580800FF961B /* Example */,
				F23D2F6B21CA27F00067B399 /* LLSegmentViewController */,
				F27132DD21C8DD7C00F9D2AB /* Main.storyboard */,
				F27132E021C8DD7F00F9D2AB /* Assets.xcassets */,
				F27132E221C8DD7F00F9D2AB /* LaunchScreen.storyboard */,
				F27132E521C8DD7F00F9D2AB /* Info.plist */,
			);
			path = LLSegmentViewController;
			sourceTree = "<group>";
		};
		F27132ED21C8DD7F00F9D2AB /* LLSegmentViewControllerTests */ = {
			isa = PBXGroup;
			children = (
				F27132EE21C8DD7F00F9D2AB /* LLSegmentViewControllerTests.swift */,
				F27132F021C8DD7F00F9D2AB /* Info.plist */,
			);
			path = LLSegmentViewControllerTests;
			sourceTree = "<group>";
		};
		F27132F821C8DD7F00F9D2AB /* LLSegmentViewControllerUITests */ = {
			isa = PBXGroup;
			children = (
				F27132F921C8DD7F00F9D2AB /* LLSegmentViewControllerUITests.swift */,
				F27132FB21C8DD7F00F9D2AB /* Info.plist */,
			);
			path = LLSegmentViewControllerUITests;
			sourceTree = "<group>";
		};
		F2DE12BF21DCC1E100D13738 /* SpecialViewController */ = {
			isa = PBXGroup;
			children = (
				F2DE12C021DCC23500D13738 /* NestViewController.swift */,
				F2DE12D521DF6DFB00D13738 /* FootballViewController.swift */,
				1833537421DFAC86005331E7 /* InsertViewController.swift */,
				18AF01F221E255AF00FD5F14 /* MixViewController.swift */,
				18AF01F421E39A9F00FD5F14 /* ChangeImageViewViewController.swift */,
			);
			path = SpecialViewController;
			sourceTree = "<group>";
		};
		F2DE12D821E0588400D13738 /* CustomItemView */ = {
			isa = PBXGroup;
			children = (
				F2DE12D921E058FF00D13738 /* BackgroundColorGradientItemView.swift */,
				F2DE12DF21E0887100D13738 /* AttributeItemView.swift */,
				F2DE12E121E096E700D13738 /* TitleImageItemView.swift */,
				F2C6F88721E73EEC0049BC68 /* WangYiItemView.swift */,
			);
			path = CustomItemView;
			sourceTree = "<group>";
		};
/* End PBXGroup section */

/* Begin PBXNativeTarget section */
		F27132D521C8DD7C00F9D2AB /* LLSegmentViewController */ = {
			isa = PBXNativeTarget;
			buildConfigurationList = F27132FE21C8DD7F00F9D2AB /* Build configuration list for PBXNativeTarget "LLSegmentViewController" */;
			buildPhases = (
				F27132D221C8DD7C00F9D2AB /* Sources */,
				F27132D321C8DD7C00F9D2AB /* Frameworks */,
				F27132D421C8DD7C00F9D2AB /* Resources */,
			);
			buildRules = (
			);
			dependencies = (
			);
			name = LLSegmentViewController;
			productName = LLSegmentViewController;
			productReference = F27132D621C8DD7C00F9D2AB /* LLSegmentViewController.app */;
			productType = "com.apple.product-type.application";
		};
		F27132E921C8DD7F00F9D2AB /* LLSegmentViewControllerTests */ = {
			isa = PBXNativeTarget;
			buildConfigurationList = F271330121C8DD7F00F9D2AB /* Build configuration list for PBXNativeTarget "LLSegmentViewControllerTests" */;
			buildPhases = (
				F27132E621C8DD7F00F9D2AB /* Sources */,
				F27132E721C8DD7F00F9D2AB /* Frameworks */,
				F27132E821C8DD7F00F9D2AB /* Resources */,
			);
			buildRules = (
			);
			dependencies = (
				F27132EC21C8DD7F00F9D2AB /* PBXTargetDependency */,
			);
			name = LLSegmentViewControllerTests;
			productName = LLSegmentViewControllerTests;
			productReference = F27132EA21C8DD7F00F9D2AB /* LLSegmentViewControllerTests.xctest */;
			productType = "com.apple.product-type.bundle.unit-test";
		};
		F27132F421C8DD7F00F9D2AB /* LLSegmentViewControllerUITests */ = {
			isa = PBXNativeTarget;
			buildConfigurationList = F271330421C8DD7F00F9D2AB /* Build configuration list for PBXNativeTarget "LLSegmentViewControllerUITests" */;
			buildPhases = (
				F27132F121C8DD7F00F9D2AB /* Sources */,
				F27132F221C8DD7F00F9D2AB /* Frameworks */,
				F27132F321C8DD7F00F9D2AB /* Resources */,
			);
			buildRules = (
			);
			dependencies = (
				F27132F721C8DD7F00F9D2AB /* PBXTargetDependency */,
			);
			name = LLSegmentViewControllerUITests;
			productName = LLSegmentViewControllerUITests;
			productReference = F27132F521C8DD7F00F9D2AB /* LLSegmentViewControllerUITests.xctest */;
			productType = "com.apple.product-type.bundle.ui-testing";
		};
/* End PBXNativeTarget section */

/* Begin PBXProject section */
		F27132CE21C8DD7C00F9D2AB /* Project object */ = {
			isa = PBXProject;
			attributes = {
				LastSwiftUpdateCheck = 0940;
				LastUpgradeCheck = 0940;
				ORGANIZATIONNAME = lilin;
				TargetAttributes = {
					F27132D521C8DD7C00F9D2AB = {
						CreatedOnToolsVersion = 9.4.1;
					};
					F27132E921C8DD7F00F9D2AB = {
						CreatedOnToolsVersion = 9.4.1;
						TestTargetID = F27132D521C8DD7C00F9D2AB;
					};
					F27132F421C8DD7F00F9D2AB = {
						CreatedOnToolsVersion = 9.4.1;
						TestTargetID = F27132D521C8DD7C00F9D2AB;
					};
				};
			};
			buildConfigurationList = F27132D121C8DD7C00F9D2AB /* Build configuration list for PBXProject "LLSegmentViewController" */;
			compatibilityVersion = "Xcode 9.3";
			developmentRegion = en;
			hasScannedForEncodings = 0;
			knownRegions = (
				en,
				Base,
			);
			mainGroup = F27132CD21C8DD7C00F9D2AB;
			productRefGroup = F27132D721C8DD7C00F9D2AB /* Products */;
			projectDirPath = "";
			projectRoot = "";
			targets = (
				F27132D521C8DD7C00F9D2AB /* LLSegmentViewController */,
				F27132E921C8DD7F00F9D2AB /* LLSegmentViewControllerTests */,
				F27132F421C8DD7F00F9D2AB /* LLSegmentViewControllerUITests */,
			);
		};
/* End PBXProject section */

/* Begin PBXResourcesBuildPhase section */
		F27132D421C8DD7C00F9D2AB /* Resources */ = {
			isa = PBXResourcesBuildPhase;
			buildActionMask = 2147483647;
			files = (
				F27132E421C8DD7F00F9D2AB /* LaunchScreen.storyboard in Resources */,
				1833537721E104A0005331E7 /* LLSegmentViewController.podspec in Resources */,
				F27132E121C8DD7F00F9D2AB /* Assets.xcassets in Resources */,
				F27132DF21C8DD7C00F9D2AB /* Main.storyboard in Resources */,
			);
			runOnlyForDeploymentPostprocessing = 0;
		};
		F27132E821C8DD7F00F9D2AB /* Resources */ = {
			isa = PBXResourcesBuildPhase;
			buildActionMask = 2147483647;
			files = (
			);
			runOnlyForDeploymentPostprocessing = 0;
		};
		F27132F321C8DD7F00F9D2AB /* Resources */ = {
			isa = PBXResourcesBuildPhase;
			buildActionMask = 2147483647;
			files = (
			);
			runOnlyForDeploymentPostprocessing = 0;
		};
/* End PBXResourcesBuildPhase section */

/* Begin PBXSourcesBuildPhase section */
		F27132D221C8DD7C00F9D2AB /* Sources */ = {
			isa = PBXSourcesBuildPhase;
			buildActionMask = 2147483647;
			files = (
				F2DE12C121DCC23500D13738 /* NestViewController.swift in Sources */,
				18AF01F321E255AF00FD5F14 /* MixViewController.swift in Sources */,
				F23D2F7B21CA53830067B399 /* LLToolFunc.swift in Sources */,
				F2055B3B21D34BFC00FF961B /* LLSegmentItemTabbarView.swift in Sources */,
				F23D2F7521CA27F00067B399 /* LLIndicatorView.swift in Sources */,
				F2055B3921D0F3A000FF961B /* LLSegmentItemTitleView.swift in Sources */,
				F27132DC21C8DD7C00F9D2AB /* ViewController.swift in Sources */,
				1833537521DFAC86005331E7 /* InsertViewController.swift in Sources */,
				F263034421D4E94E0067F8CA /* TitleViewController.swift in Sources */,
				F23D2F7421CA27F00067B399 /* LLSegmentedControl.swift in Sources */,
				F2DE12E021E0887100D13738 /* AttributeItemView.swift in Sources */,
				F2DE12E221E096E700D13738 /* TitleImageItemView.swift in Sources */,
				F2055B4121D3589200FF961B /* SimpleTabViewController.swift in Sources */,
				F27132DA21C8DD7C00F9D2AB /* AppDelegate.swift in Sources */,
				F23D2F7221CA27F00067B399 /* LLSegmentViewController.swift in Sources */,
				F2055B3421D0B5DE00FF961B /* LLSegmentBaseItemView.swift in Sources */,
				18AF01F521E39A9F00FD5F14 /* ChangeImageViewViewController.swift in Sources */,
				185C1B8F21E64893000E8A16 /* LLSegmentItemTitleImageView.swift in Sources */,
				F2DE12D621DF6DFB00D13738 /* FootballViewController.swift in Sources */,
				F2DE12DE21E07BD100D13738 /* BadgeValueViewController.swift in Sources */,
				F2055B5221D4D85B00FF961B /* StyleListViewController.swift in Sources */,
				F2055B4621D39CB300FF961B /* LLMsgViewController.swift in Sources */,
				F2DE12DA21E058FF00D13738 /* BackgroundColorGradientItemView.swift in Sources */,
				F2055B4A21D4CE1200FF961B /* SinaViewController.swift in Sources */,
				F2C6F88821E73EEC0049BC68 /* WangYiItemView.swift in Sources */,
				F2055B5021D4D6D200FF961B /* BaseNavigationController.swift in Sources */,
				F271330C21C8E66F00F9D2AB /* TestViewController.swift in Sources */,
				F2055B4E21D4D00100FF961B /* CellModel.swift in Sources */,
				18D3489B21E9CC7100C284DE /* LLSegmentItemBadgeView.swift in Sources */,
			);
			runOnlyForDeploymentPostprocessing = 0;
		};
		F27132E621C8DD7F00F9D2AB /* Sources */ = {
			isa = PBXSourcesBuildPhase;
			buildActionMask = 2147483647;
			files = (
				F27132EF21C8DD7F00F9D2AB /* LLSegmentViewControllerTests.swift in Sources */,
			);
			runOnlyForDeploymentPostprocessing = 0;
		};
		F27132F121C8DD7F00F9D2AB /* Sources */ = {
			isa = PBXSourcesBuildPhase;
			buildActionMask = 2147483647;
			files = (
				F27132FA21C8DD7F00F9D2AB /* LLSegmentViewControllerUITests.swift in Sources */,
			);
			runOnlyForDeploymentPostprocessing = 0;
		};
/* End PBXSourcesBuildPhase section */

/* Begin PBXTargetDependency section */
		F27132EC21C8DD7F00F9D2AB /* PBXTargetDependency */ = {
			isa = PBXTargetDependency;
			target = F27132D521C8DD7C00F9D2AB /* LLSegmentViewController */;
			targetProxy = F27132EB21C8DD7F00F9D2AB /* PBXContainerItemProxy */;
		};
		F27132F721C8DD7F00F9D2AB /* PBXTargetDependency */ = {
			isa = PBXTargetDependency;
			target = F27132D521C8DD7C00F9D2AB /* LLSegmentViewController */;
			targetProxy = F27132F621C8DD7F00F9D2AB /* PBXContainerItemProxy */;
		};
/* End PBXTargetDependency section */

/* Begin PBXVariantGroup section */
		F27132DD21C8DD7C00F9D2AB /* Main.storyboard */ = {
			isa = PBXVariantGroup;
			children = (
				F27132DE21C8DD7C00F9D2AB /* Base */,
			);
			name = Main.storyboard;
			sourceTree = "<group>";
		};
		F27132E221C8DD7F00F9D2AB /* LaunchScreen.storyboard */ = {
			isa = PBXVariantGroup;
			children = (
				F27132E321C8DD7F00F9D2AB /* Base */,
			);
			name = LaunchScreen.storyboard;
			sourceTree = "<group>";
		};
/* End PBXVariantGroup section */

/* Begin XCBuildConfiguration section */
		F27132FC21C8DD7F00F9D2AB /* Debug */ = {
			isa = XCBuildConfiguration;
			buildSettings = {
				ALWAYS_SEARCH_USER_PATHS = NO;
				CLANG_ANALYZER_NONNULL = YES;
				CLANG_ANALYZER_NUMBER_OBJECT_CONVERSION = YES_AGGRESSIVE;
				CLANG_CXX_LANGUAGE_STANDARD = "gnu++14";
				CLANG_CXX_LIBRARY = "libc++";
				CLANG_ENABLE_MODULES = YES;
				CLANG_ENABLE_OBJC_ARC = YES;
				CLANG_ENABLE_OBJC_WEAK = YES;
				CLANG_WARN_BLOCK_CAPTURE_AUTORELEASING = YES;
				CLANG_WARN_BOOL_CONVERSION = YES;
				CLANG_WARN_COMMA = YES;
				CLANG_WARN_CONSTANT_CONVERSION = YES;
				CLANG_WARN_DEPRECATED_OBJC_IMPLEMENTATIONS = YES;
				CLANG_WARN_DIRECT_OBJC_ISA_USAGE = YES_ERROR;
				CLANG_WARN_DOCUMENTATION_COMMENTS = YES;
				CLANG_WARN_EMPTY_BODY = YES;
				CLANG_WARN_ENUM_CONVERSION = YES;
				CLANG_WARN_INFINITE_RECURSION = YES;
				CLANG_WARN_INT_CONVERSION = YES;
				CLANG_WARN_NON_LITERAL_NULL_CONVERSION = YES;
				CLANG_WARN_OBJC_IMPLICIT_RETAIN_SELF = YES;
				CLANG_WARN_OBJC_LITERAL_CONVERSION = YES;
				CLANG_WARN_OBJC_ROOT_CLASS = YES_ERROR;
				CLANG_WARN_RANGE_LOOP_ANALYSIS = YES;
				CLANG_WARN_STRICT_PROTOTYPES = YES;
				CLANG_WARN_SUSPICIOUS_MOVE = YES;
				CLANG_WARN_UNGUARDED_AVAILABILITY = YES_AGGRESSIVE;
				CLANG_WARN_UNREACHABLE_CODE = YES;
				CLANG_WARN__DUPLICATE_METHOD_MATCH = YES;
				CODE_SIGN_IDENTITY = "iPhone Developer";
				COPY_PHASE_STRIP = NO;
				DEBUG_INFORMATION_FORMAT = dwarf;
				ENABLE_STRICT_OBJC_MSGSEND = YES;
				ENABLE_TESTABILITY = YES;
				GCC_C_LANGUAGE_STANDARD = gnu11;
				GCC_DYNAMIC_NO_PIC = NO;
				GCC_NO_COMMON_BLOCKS = YES;
				GCC_OPTIMIZATION_LEVEL = 0;
				GCC_PREPROCESSOR_DEFINITIONS = (
					"DEBUG=1",
					"$(inherited)",
				);
				GCC_WARN_64_TO_32_BIT_CONVERSION = YES;
				GCC_WARN_ABOUT_RETURN_TYPE = YES_ERROR;
				GCC_WARN_UNDECLARED_SELECTOR = YES;
				GCC_WARN_UNINITIALIZED_AUTOS = YES_AGGRESSIVE;
				GCC_WARN_UNUSED_FUNCTION = YES;
				GCC_WARN_UNUSED_VARIABLE = YES;
				IPHONEOS_DEPLOYMENT_TARGET = 11.4;
				MTL_ENABLE_DEBUG_INFO = YES;
				ONLY_ACTIVE_ARCH = YES;
				SDKROOT = iphoneos;
				SWIFT_ACTIVE_COMPILATION_CONDITIONS = DEBUG;
				SWIFT_OPTIMIZATION_LEVEL = "-Onone";
			};
			name = Debug;
		};
		F27132FD21C8DD7F00F9D2AB /* Release */ = {
			isa = XCBuildConfiguration;
			buildSettings = {
				ALWAYS_SEARCH_USER_PATHS = NO;
				CLANG_ANALYZER_NONNULL = YES;
				CLANG_ANALYZER_NUMBER_OBJECT_CONVERSION = YES_AGGRESSIVE;
				CLANG_CXX_LANGUAGE_STANDARD = "gnu++14";
				CLANG_CXX_LIBRARY = "libc++";
				CLANG_ENABLE_MODULES = YES;
				CLANG_ENABLE_OBJC_ARC = YES;
				CLANG_ENABLE_OBJC_WEAK = YES;
				CLANG_WARN_BLOCK_CAPTURE_AUTORELEASING = YES;
				CLANG_WARN_BOOL_CONVERSION = YES;
				CLANG_WARN_COMMA = YES;
				CLANG_WARN_CONSTANT_CONVERSION = YES;
				CLANG_WARN_DEPRECATED_OBJC_IMPLEMENTATIONS = YES;
				CLANG_WARN_DIRECT_OBJC_ISA_USAGE = YES_ERROR;
				CLANG_WARN_DOCUMENTATION_COMMENTS = YES;
				CLANG_WARN_EMPTY_BODY = YES;
				CLANG_WARN_ENUM_CONVERSION = YES;
				CLANG_WARN_INFINITE_RECURSION = YES;
				CLANG_WARN_INT_CONVERSION = YES;
				CLANG_WARN_NON_LITERAL_NULL_CONVERSION = YES;
				CLANG_WARN_OBJC_IMPLICIT_RETAIN_SELF = YES;
				CLANG_WARN_OBJC_LITERAL_CONVERSION = YES;
				CLANG_WARN_OBJC_ROOT_CLASS = YES_ERROR;
				CLANG_WARN_RANGE_LOOP_ANALYSIS = YES;
				CLANG_WARN_STRICT_PROTOTYPES = YES;
				CLANG_WARN_SUSPICIOUS_MOVE = YES;
				CLANG_WARN_UNGUARDED_AVAILABILITY = YES_AGGRESSIVE;
				CLANG_WARN_UNREACHABLE_CODE = YES;
				CLANG_WARN__DUPLICATE_METHOD_MATCH = YES;
				CODE_SIGN_IDENTITY = "iPhone Developer";
				COPY_PHASE_STRIP = NO;
				DEBUG_INFORMATION_FORMAT = "dwarf-with-dsym";
				ENABLE_NS_ASSERTIONS = NO;
				ENABLE_STRICT_OBJC_MSGSEND = YES;
				GCC_C_LANGUAGE_STANDARD = gnu11;
				GCC_NO_COMMON_BLOCKS = YES;
				GCC_WARN_64_TO_32_BIT_CONVERSION = YES;
				GCC_WARN_ABOUT_RETURN_TYPE = YES_ERROR;
				GCC_WARN_UNDECLARED_SELECTOR = YES;
				GCC_WARN_UNINITIALIZED_AUTOS = YES_AGGRESSIVE;
				GCC_WARN_UNUSED_FUNCTION = YES;
				GCC_WARN_UNUSED_VARIABLE = YES;
				IPHONEOS_DEPLOYMENT_TARGET = 11.4;
				MTL_ENABLE_DEBUG_INFO = NO;
				SDKROOT = iphoneos;
				SWIFT_COMPILATION_MODE = wholemodule;
				SWIFT_OPTIMIZATION_LEVEL = "-O";
				VALIDATE_PRODUCT = YES;
			};
			name = Release;
		};
		F27132FF21C8DD7F00F9D2AB /* Debug */ = {
			isa = XCBuildConfiguration;
			buildSettings = {
				ASSETCATALOG_COMPILER_APPICON_NAME = AppIcon;
				CODE_SIGN_STYLE = Automatic;
				DEVELOPMENT_TEAM = 33ZULGS6X3;
				INFOPLIST_FILE = LLSegmentViewController/Info.plist;
				IPHONEOS_DEPLOYMENT_TARGET = 10.2;
				LD_RUNPATH_SEARCH_PATHS = (
					"$(inherited)",
					"@executable_path/Frameworks",
				);
				PRODUCT_BUNDLE_IDENTIFIER = com.qianhaishouhui.LLSegmentViewController;
				PRODUCT_NAME = "$(TARGET_NAME)";
				SWIFT_VERSION = 4.0;
				TARGETED_DEVICE_FAMILY = "1,2";
			};
			name = Debug;
		};
		F271330021C8DD7F00F9D2AB /* Release */ = {
			isa = XCBuildConfiguration;
			buildSettings = {
				ASSETCATALOG_COMPILER_APPICON_NAME = AppIcon;
				CODE_SIGN_STYLE = Automatic;
				DEVELOPMENT_TEAM = 33ZULGS6X3;
				INFOPLIST_FILE = LLSegmentViewController/Info.plist;
				IPHONEOS_DEPLOYMENT_TARGET = 10.2;
				LD_RUNPATH_SEARCH_PATHS = (
					"$(inherited)",
					"@executable_path/Frameworks",
				);
				PRODUCT_BUNDLE_IDENTIFIER = com.qianhaishouhui.LLSegmentViewController;
				PRODUCT_NAME = "$(TARGET_NAME)";
				SWIFT_VERSION = 4.0;
				TARGETED_DEVICE_FAMILY = "1,2";
			};
			name = Release;
		};
		F271330221C8DD7F00F9D2AB /* Debug */ = {
			isa = XCBuildConfiguration;
			buildSettings = {
				ALWAYS_EMBED_SWIFT_STANDARD_LIBRARIES = YES;
				BUNDLE_LOADER = "$(TEST_HOST)";
				CODE_SIGN_STYLE = Automatic;
				INFOPLIST_FILE = LLSegmentViewControllerTests/Info.plist;
				LD_RUNPATH_SEARCH_PATHS = (
					"$(inherited)",
					"@executable_path/Frameworks",
					"@loader_path/Frameworks",
				);
				PRODUCT_BUNDLE_IDENTIFIER = com.qianhaishouhui.LLSegmentViewControllerTests;
				PRODUCT_NAME = "$(TARGET_NAME)";
				SWIFT_VERSION = 4.0;
				TARGETED_DEVICE_FAMILY = "1,2";
				TEST_HOST = "$(BUILT_PRODUCTS_DIR)/LLSegmentViewController.app/LLSegmentViewController";
			};
			name = Debug;
		};
		F271330321C8DD7F00F9D2AB /* Release */ = {
			isa = XCBuildConfiguration;
			buildSettings = {
				ALWAYS_EMBED_SWIFT_STANDARD_LIBRARIES = YES;
				BUNDLE_LOADER = "$(TEST_HOST)";
				CODE_SIGN_STYLE = Automatic;
				INFOPLIST_FILE = LLSegmentViewControllerTests/Info.plist;
				LD_RUNPATH_SEARCH_PATHS = (
					"$(inherited)",
					"@executable_path/Frameworks",
					"@loader_path/Frameworks",
				);
				PRODUCT_BUNDLE_IDENTIFIER = com.qianhaishouhui.LLSegmentViewControllerTests;
				PRODUCT_NAME = "$(TARGET_NAME)";
				SWIFT_VERSION = 4.0;
				TARGETED_DEVICE_FAMILY = "1,2";
				TEST_HOST = "$(BUILT_PRODUCTS_DIR)/LLSegmentViewController.app/LLSegmentViewController";
			};
			name = Release;
		};
		F271330521C8DD7F00F9D2AB /* Debug */ = {
			isa = XCBuildConfiguration;
			buildSettings = {
				ALWAYS_EMBED_SWIFT_STANDARD_LIBRARIES = YES;
				CODE_SIGN_STYLE = Automatic;
				INFOPLIST_FILE = LLSegmentViewControllerUITests/Info.plist;
				LD_RUNPATH_SEARCH_PATHS = (
					"$(inherited)",
					"@executable_path/Frameworks",
					"@loader_path/Frameworks",
				);
				PRODUCT_BUNDLE_IDENTIFIER = com.qianhaishouhui.LLSegmentViewControllerUITests;
				PRODUCT_NAME = "$(TARGET_NAME)";
				SWIFT_VERSION = 4.0;
				TARGETED_DEVICE_FAMILY = "1,2";
				TEST_TARGET_NAME = LLSegmentViewController;
			};
			name = Debug;
		};
		F271330621C8DD7F00F9D2AB /* Release */ = {
			isa = XCBuildConfiguration;
			buildSettings = {
				ALWAYS_EMBED_SWIFT_STANDARD_LIBRARIES = YES;
				CODE_SIGN_STYLE = Automatic;
				INFOPLIST_FILE = LLSegmentViewControllerUITests/Info.plist;
				LD_RUNPATH_SEARCH_PATHS = (
					"$(inherited)",
					"@executable_path/Frameworks",
					"@loader_path/Frameworks",
				);
				PRODUCT_BUNDLE_IDENTIFIER = com.qianhaishouhui.LLSegmentViewControllerUITests;
				PRODUCT_NAME = "$(TARGET_NAME)";
				SWIFT_VERSION = 4.0;
				TARGETED_DEVICE_FAMILY = "1,2";
				TEST_TARGET_NAME = LLSegmentViewController;
			};
			name = Release;
		};
/* End XCBuildConfiguration section */

/* Begin XCConfigurationList section */
		F27132D121C8DD7C00F9D2AB /* Build configuration list for PBXProject "LLSegmentViewController" */ = {
			isa = XCConfigurationList;
			buildConfigurations = (
				F27132FC21C8DD7F00F9D2AB /* Debug */,
				F27132FD21C8DD7F00F9D2AB /* Release */,
			);
			defaultConfigurationIsVisible = 0;
			defaultConfigurationName = Release;
		};
		F27132FE21C8DD7F00F9D2AB /* Build configuration list for PBXNativeTarget "LLSegmentViewController" */ = {
			isa = XCConfigurationList;
			buildConfigurations = (
				F27132FF21C8DD7F00F9D2AB /* Debug */,
				F271330021C8DD7F00F9D2AB /* Release */,
			);
			defaultConfigurationIsVisible = 0;
			defaultConfigurationName = Release;
		};
		F271330121C8DD7F00F9D2AB /* Build configuration list for PBXNativeTarget "LLSegmentViewControllerTests" */ = {
			isa = XCConfigurationList;
			buildConfigurations = (
				F271330221C8DD7F00F9D2AB /* Debug */,
				F271330321C8DD7F00F9D2AB /* Release */,
			);
			defaultConfigurationIsVisible = 0;
			defaultConfigurationName = Release;
		};
		F271330421C8DD7F00F9D2AB /* Build configuration list for PBXNativeTarget "LLSegmentViewControllerUITests" */ = {
			isa = XCConfigurationList;
			buildConfigurations = (
				F271330521C8DD7F00F9D2AB /* Debug */,
				F271330621C8DD7F00F9D2AB /* Release */,
			);
			defaultConfigurationIsVisible = 0;
			defaultConfigurationName = Release;
		};
/* End XCConfigurationList section */
	};
	rootObject = F27132CE21C8DD7C00F9D2AB /* Project object */;
}
